
Microsoft Visual Studio Solution File, Format Version 12.00
# Visual Studio 15
VisualStudioVersion = 15.0.27703.2000
MinimumVisualStudioVersion = 10.0.40219.1
Project("{FAE04EC0-301F-11D3-BF4B-00C04F79EFBC}") = "AmusementParkRides", "AmusementParkRides\AmusementParkRides.csproj", "{DDD38107-C80F-409C-8ED0-BF136265E451}"
EndProject
Global
	GlobalSection(SolutionConfigurationPlatforms) = preSolution
		Debug|Any CPU = Debug|Any CPU
		Release|Any CPU = Release|Any CPU
	EndGlobalSection
	GlobalSection(ProjectConfigurationPlatforms) = postSolution
		{DDD38107-C80F-409C-8ED0-BF136265E451}.Debug|Any CPU.ActiveCfg = Debug|Any CPU
		{DDD38107-C80F-409C-8ED0-BF136265E451}.Debug|Any CPU.Build.0 = Debug|Any CPU
		{DDD38107-C80F-409C-8ED0-BF136265E451}.Release|Any CPU.ActiveCfg = Release|Any CPU
		{DDD38107-C80F-409C-8ED0-BF136265E451}.Release|Any CPU.Build.0 = Release|Any CPU
	EndGlobalSection
	GlobalSection(SolutionProperties) = preSolution
		HideSolutionNode = FALSE
	EndGlobalSection
	GlobalSection(ExtensibilityGlobals) = postSolution
		SolutionGuid = {C7F6E0C2-3081-44A8-9DFD-7AFC7705C7AB}
	EndGlobalSection
EndGlobal
