
Microsoft Visual Studio Solution File, Format Version 12.00
# Visual Studio 15
VisualStudioVersion = 15.0.27703.2000
MinimumVisualStudioVersion = 10.0.40219.1
Project("{FAE04EC0-301F-11D3-BF4B-00C04F79EFBC}") = "VPShelter2", "VPShelter2\VPShelter2.csproj", "{F6D3D3B3-5628-418A-988B-BE3F963DBA93}"
EndProject
Global
	GlobalSection(SolutionConfigurationPlatforms) = preSolution
		Debug|Any CPU = Debug|Any CPU
		Release|Any CPU = Release|Any CPU
	EndGlobalSection
	GlobalSection(ProjectConfigurationPlatforms) = postSolution
		{F6D3D3B3-5628-418A-988B-BE3F963DBA93}.Debug|Any CPU.ActiveCfg = Debug|Any CPU
		{F6D3D3B3-5628-418A-988B-BE3F963DBA93}.Debug|Any CPU.Build.0 = Debug|Any CPU
		{F6D3D3B3-5628-418A-988B-BE3F963DBA93}.Release|Any CPU.ActiveCfg = Release|Any CPU
		{F6D3D3B3-5628-418A-988B-BE3F963DBA93}.Release|Any CPU.Build.0 = Release|Any CPU
	EndGlobalSection
	GlobalSection(SolutionProperties) = preSolution
		HideSolutionNode = FALSE
	EndGlobalSection
	GlobalSection(ExtensibilityGlobals) = postSolution
		SolutionGuid = {BD40DB7B-E443-4866-99D1-3C6F0CADD152}
	EndGlobalSection
EndGlobal
